
Microsoft Visual Studio Solution File, Format Version 11.00
# Visual Basic Express 2010
Project("{F184B08F-C81C-45F6-A57F-5ABD9991F28F}") = "MW2 GSC Mod Tool", "MW2 GSC Mod Tool\MW2 GSC Mod Tool.vbproj", "{F01CDBE2-98B8-4D54-960B-1073B2A67D23}"
EndProject
Global
	GlobalSection(SolutionConfigurationPlatforms) = preSolution
		Debug|x86 = Debug|x86
		Release|x86 = Release|x86
	EndGlobalSection
	GlobalSection(ProjectConfigurationPlatforms) = postSolution
		{F01CDBE2-98B8-4D54-960B-1073B2A67D23}.Debug|x86.ActiveCfg = Debug|x86
		{F01CDBE2-98B8-4D54-960B-1073B2A67D23}.Debug|x86.Build.0 = Debug|x86
		{F01CDBE2-98B8-4D54-960B-1073B2A67D23}.Release|x86.ActiveCfg = Release|x86
		{F01CDBE2-98B8-4D54-960B-1073B2A67D23}.Release|x86.Build.0 = Release|x86
	EndGlobalSection
	GlobalSection(SolutionProperties) = preSolution
		HideSolutionNode = FALSE
	EndGlobalSection
EndGlobal
